
Microsoft Visual Studio Solution File, Format Version 12.00
# Visual Studio 2012
Project("{FAE04EC0-301F-11D3-BF4B-00C04F79EFBC}") = "Sample.iOS", "Sample.iOS\Sample.iOS.csproj", "{81C50092-C72E-445F-9491-723F47600500}"
EndProject
Global
	GlobalSection(SolutionConfigurationPlatforms) = preSolution
		Debug|iPhoneSimulator = Debug|iPhoneSimulator
		Release|iPhoneSimulator = Release|iPhoneSimulator
		Debug|iPhone = Debug|iPhone
		Release|iPhone = Release|iPhone
		Ad-Hoc|iPhone = Ad-Hoc|iPhone
		AppStore|iPhone = AppStore|iPhone
	EndGlobalSection
	GlobalSection(ProjectConfigurationPlatforms) = postSolution
		{81C50092-C72E-445F-9491-723F47600500}.Ad-Hoc|iPhone.ActiveCfg = Ad-Hoc|iPhone
		{81C50092-C72E-445F-9491-723F47600500}.Ad-Hoc|iPhone.Build.0 = Ad-Hoc|iPhone
		{81C50092-C72E-445F-9491-723F47600500}.AppStore|iPhone.ActiveCfg = AppStore|iPhone
		{81C50092-C72E-445F-9491-723F47600500}.AppStore|iPhone.Build.0 = AppStore|iPhone
		{81C50092-C72E-445F-9491-723F47600500}.Debug|iPhone.ActiveCfg = Debug|iPhone
		{81C50092-C72E-445F-9491-723F47600500}.Debug|iPhone.Build.0 = Debug|iPhone
		{81C50092-C72E-445F-9491-723F47600500}.Debug|iPhoneSimulator.ActiveCfg = Debug|iPhoneSimulator
		{81C50092-C72E-445F-9491-723F47600500}.Debug|iPhoneSimulator.Build.0 = Debug|iPhoneSimulator
		{81C50092-C72E-445F-9491-723F47600500}.Release|iPhone.ActiveCfg = Release|iPhone
		{81C50092-C72E-445F-9491-723F47600500}.Release|iPhone.Build.0 = Release|iPhone
		{81C50092-C72E-445F-9491-723F47600500}.Release|iPhoneSimulator.ActiveCfg = Release|iPhoneSimulator
		{81C50092-C72E-445F-9491-723F47600500}.Release|iPhoneSimulator.Build.0 = Release|iPhoneSimulator
	EndGlobalSection
EndGlobal
