
Microsoft Visual Studio Solution File, Format Version 12.00
# Visual Studio 14
VisualStudioVersion = 14.0.25420.1
MinimumVisualStudioVersion = 10.0.40219.1
Project("{2150E333-8FDC-42A3-9474-1A3956D46DE8}") = ".nuget", ".nuget", "{34C7B413-C0DD-4E00-A6B1-82C3419E201C}"
	ProjectSection(SolutionItems) = preProject
		.nuget\NuGet.Config = .nuget\NuGet.Config
		.nuget\NuGet.exe = .nuget\NuGet.exe
		.nuget\NuGet.targets = .nuget\NuGet.targets
	EndProjectSection
EndProject
Project("{2150E333-8FDC-42A3-9474-1A3956D46DE8}") = "Mobile", "Mobile", "{09CC7991-DD0E-4595-AEC2-3BEA2C69F68C}"
EndProject
Project("{FAE04EC0-301F-11D3-BF4B-00C04F79EFBC}") = "HealthCare.Core", "HealthCare.Core\HealthCare.Core.csproj", "{B10ACBF3-EBF0-49B5-AD28-1BC82C4B1AB5}"
EndProject
Project("{FAE04EC0-301F-11D3-BF4B-00C04F79EFBC}") = "HealthCare.Droid", "HealthCare.Droid\HealthCare.Droid.csproj", "{78149B91-5BA8-46AE-914B-AD089516D8A0}"
EndProject
Project("{FAE04EC0-301F-11D3-BF4B-00C04F79EFBC}") = "HealthCare.Touch", "HealthCare.Touch\HealthCare.Touch.csproj", "{F79995D2-8BF3-4608-9ED6-ACAC776C1421}"
EndProject
Project("{2150E333-8FDC-42A3-9474-1A3956D46DE8}") = "Telerik", "Telerik", "{8B8644ED-96AB-4E25-9879-E5A0689EAC58}"
	ProjectSection(SolutionItems) = preProject
		packages\Telerik WP\Telerik.Windows.Controls.Input.dll = packages\Telerik WP\Telerik.Windows.Controls.Input.dll
		packages\Telerik WP\Telerik.Windows.Controls.Primitives.dll = packages\Telerik WP\Telerik.Windows.Controls.Primitives.dll
		packages\Telerik WP\Telerik.Windows.Core.dll = packages\Telerik WP\Telerik.Windows.Core.dll
		packages\Telerik WP\Telerik.Windows.Data.dll = packages\Telerik WP\Telerik.Windows.Data.dll
		packages\Android\Telerik.Xamarin.Android.Chart.dll = packages\Android\Telerik.Xamarin.Android.Chart.dll
		packages\Android\Telerik.Xamarin.Android.Common.dll = packages\Android\Telerik.Xamarin.Android.Common.dll
		packages\Android\Telerik.Xamarin.Android.Data.dll = packages\Android\Telerik.Xamarin.Android.Data.dll
		packages\Android\Telerik.Xamarin.Android.Feedback.dll = packages\Android\Telerik.Xamarin.Android.Feedback.dll
		packages\Android\Telerik.Xamarin.Android.Input.dll = packages\Android\Telerik.Xamarin.Android.Input.dll
		packages\Android\Telerik.Xamarin.Android.List.dll = packages\Android\Telerik.Xamarin.Android.List.dll
		packages\Android\Telerik.Xamarin.Android.Primitives.dll = packages\Android\Telerik.Xamarin.Android.Primitives.dll
		packages\iOS\Telerik.Xamarin.iOS.dll = packages\iOS\Telerik.Xamarin.iOS.dll
	EndProjectSection
EndProject
Project("{2150E333-8FDC-42A3-9474-1A3956D46DE8}") = "KeyStore", "KeyStore", "{5B181E1E-9713-46AE-8F05-10C3DD66A1B0}"
	ProjectSection(SolutionItems) = preProject
		eshop.keystore = eshop.keystore
		healthcare.keystore = healthcare.keystore
		password.txt = password.txt
		password_official.txt = password_official.txt
	EndProjectSection
EndProject
Project("{FAE04EC0-301F-11D3-BF4B-00C04F79EFBC}") = "HealthCare.Win", "Phase 2\HealthCare.Win\HealthCare.Win.csproj", "{D30E70D9-3E6F-48CA-ACBD-1ED17F63FD5D}"
EndProject
Project("{FAE04EC0-301F-11D3-BF4B-00C04F79EFBC}") = "HealthCare.Win.VoiceCommands", "Phase 2\HealthCare.Win.Service\HealthCare.Win.VoiceCommands.csproj", "{8DAB74E8-1E82-4AC9-833B-72A44BB5D4E4}"
EndProject
Project("{2150E333-8FDC-42A3-9474-1A3956D46DE8}") = "UWP", "UWP", "{33D5CF9D-57FB-4874-BD8F-D014BCDC79A4}"
EndProject
Project("{FAE04EC0-301F-11D3-BF4B-00C04F79EFBC}") = "HealthCare.Win.Core", "Phase 2\HealthCare.Core\HealthCare.Win.Core.csproj", "{B281093E-5798-4783-96DC-5365327C2B9C}"
EndProject
Global
	GlobalSection(SolutionConfigurationPlatforms) = preSolution
		Ad-Hoc|Any CPU = Ad-Hoc|Any CPU
		Ad-Hoc|ARM = Ad-Hoc|ARM
		Ad-Hoc|iPhone = Ad-Hoc|iPhone
		Ad-Hoc|iPhoneSimulator = Ad-Hoc|iPhoneSimulator
		Ad-Hoc|x64 = Ad-Hoc|x64
		Ad-Hoc|x86 = Ad-Hoc|x86
		AppStore|Any CPU = AppStore|Any CPU
		AppStore|ARM = AppStore|ARM
		AppStore|iPhone = AppStore|iPhone
		AppStore|iPhoneSimulator = AppStore|iPhoneSimulator
		AppStore|x64 = AppStore|x64
		AppStore|x86 = AppStore|x86
		Debug|Any CPU = Debug|Any CPU
		Debug|ARM = Debug|ARM
		Debug|iPhone = Debug|iPhone
		Debug|iPhoneSimulator = Debug|iPhoneSimulator
		Debug|x64 = Debug|x64
		Debug|x86 = Debug|x86
		Release|Any CPU = Release|Any CPU
		Release|ARM = Release|ARM
		Release|iPhone = Release|iPhone
		Release|iPhoneSimulator = Release|iPhoneSimulator
		Release|x64 = Release|x64
		Release|x86 = Release|x86
	EndGlobalSection
	GlobalSection(ProjectConfigurationPlatforms) = postSolution
		{B10ACBF3-EBF0-49B5-AD28-1BC82C4B1AB5}.Ad-Hoc|Any CPU.ActiveCfg = Release|Any CPU
		{B10ACBF3-EBF0-49B5-AD28-1BC82C4B1AB5}.Ad-Hoc|Any CPU.Build.0 = Release|Any CPU
		{B10ACBF3-EBF0-49B5-AD28-1BC82C4B1AB5}.Ad-Hoc|ARM.ActiveCfg = Release|Any CPU
		{B10ACBF3-EBF0-49B5-AD28-1BC82C4B1AB5}.Ad-Hoc|ARM.Build.0 = Release|Any CPU
		{B10ACBF3-EBF0-49B5-AD28-1BC82C4B1AB5}.Ad-Hoc|iPhone.ActiveCfg = Release|Any CPU
		{B10ACBF3-EBF0-49B5-AD28-1BC82C4B1AB5}.Ad-Hoc|iPhone.Build.0 = Release|Any CPU
		{B10ACBF3-EBF0-49B5-AD28-1BC82C4B1AB5}.Ad-Hoc|iPhoneSimulator.ActiveCfg = Release|Any CPU
		{B10ACBF3-EBF0-49B5-AD28-1BC82C4B1AB5}.Ad-Hoc|iPhoneSimulator.Build.0 = Release|Any CPU
		{B10ACBF3-EBF0-49B5-AD28-1BC82C4B1AB5}.Ad-Hoc|x64.ActiveCfg = Debug|Any CPU
		{B10ACBF3-EBF0-49B5-AD28-1BC82C4B1AB5}.Ad-Hoc|x64.Build.0 = Debug|Any CPU
		{B10ACBF3-EBF0-49B5-AD28-1BC82C4B1AB5}.Ad-Hoc|x86.ActiveCfg = Release|Any CPU
		{B10ACBF3-EBF0-49B5-AD28-1BC82C4B1AB5}.Ad-Hoc|x86.Build.0 = Release|Any CPU
		{B10ACBF3-EBF0-49B5-AD28-1BC82C4B1AB5}.AppStore|Any CPU.ActiveCfg = Release|Any CPU
		{B10ACBF3-EBF0-49B5-AD28-1BC82C4B1AB5}.AppStore|Any CPU.Build.0 = Release|Any CPU
		{B10ACBF3-EBF0-49B5-AD28-1BC82C4B1AB5}.AppStore|ARM.ActiveCfg = Release|Any CPU
		{B10ACBF3-EBF0-49B5-AD28-1BC82C4B1AB5}.AppStore|ARM.Build.0 = Release|Any CPU
		{B10ACBF3-EBF0-49B5-AD28-1BC82C4B1AB5}.AppStore|iPhone.ActiveCfg = Release|Any CPU
		{B10ACBF3-EBF0-49B5-AD28-1BC82C4B1AB5}.AppStore|iPhone.Build.0 = Release|Any CPU
		{B10ACBF3-EBF0-49B5-AD28-1BC82C4B1AB5}.AppStore|iPhoneSimulator.ActiveCfg = Release|Any CPU
		{B10ACBF3-EBF0-49B5-AD28-1BC82C4B1AB5}.AppStore|iPhoneSimulator.Build.0 = Release|Any CPU
		{B10ACBF3-EBF0-49B5-AD28-1BC82C4B1AB5}.AppStore|x64.ActiveCfg = Debug|Any CPU
		{B10ACBF3-EBF0-49B5-AD28-1BC82C4B1AB5}.AppStore|x64.Build.0 = Debug|Any CPU
		{B10ACBF3-EBF0-49B5-AD28-1BC82C4B1AB5}.AppStore|x86.ActiveCfg = Release|Any CPU
		{B10ACBF3-EBF0-49B5-AD28-1BC82C4B1AB5}.AppStore|x86.Build.0 = Release|Any CPU
		{B10ACBF3-EBF0-49B5-AD28-1BC82C4B1AB5}.Debug|Any CPU.ActiveCfg = Debug|Any CPU
		{B10ACBF3-EBF0-49B5-AD28-1BC82C4B1AB5}.Debug|Any CPU.Build.0 = Debug|Any CPU
		{B10ACBF3-EBF0-49B5-AD28-1BC82C4B1AB5}.Debug|Any CPU.Deploy.0 = Debug|Any CPU
		{B10ACBF3-EBF0-49B5-AD28-1BC82C4B1AB5}.Debug|ARM.ActiveCfg = Debug|Any CPU
		{B10ACBF3-EBF0-49B5-AD28-1BC82C4B1AB5}.Debug|ARM.Build.0 = Debug|Any CPU
		{B10ACBF3-EBF0-49B5-AD28-1BC82C4B1AB5}.Debug|iPhone.ActiveCfg = Debug|Any CPU
		{B10ACBF3-EBF0-49B5-AD28-1BC82C4B1AB5}.Debug|iPhone.Build.0 = Debug|Any CPU
		{B10ACBF3-EBF0-49B5-AD28-1BC82C4B1AB5}.Debug|iPhoneSimulator.ActiveCfg = Debug|Any CPU
		{B10ACBF3-EBF0-49B5-AD28-1BC82C4B1AB5}.Debug|iPhoneSimulator.Build.0 = Debug|Any CPU
		{B10ACBF3-EBF0-49B5-AD28-1BC82C4B1AB5}.Debug|x64.ActiveCfg = Debug|Any CPU
		{B10ACBF3-EBF0-49B5-AD28-1BC82C4B1AB5}.Debug|x64.Build.0 = Debug|Any CPU
		{B10ACBF3-EBF0-49B5-AD28-1BC82C4B1AB5}.Debug|x86.ActiveCfg = Debug|Any CPU
		{B10ACBF3-EBF0-49B5-AD28-1BC82C4B1AB5}.Debug|x86.Build.0 = Debug|Any CPU
		{B10ACBF3-EBF0-49B5-AD28-1BC82C4B1AB5}.Release|Any CPU.ActiveCfg = Release|Any CPU
		{B10ACBF3-EBF0-49B5-AD28-1BC82C4B1AB5}.Release|Any CPU.Build.0 = Release|Any CPU
		{B10ACBF3-EBF0-49B5-AD28-1BC82C4B1AB5}.Release|ARM.ActiveCfg = Release|Any CPU
		{B10ACBF3-EBF0-49B5-AD28-1BC82C4B1AB5}.Release|ARM.Build.0 = Release|Any CPU
		{B10ACBF3-EBF0-49B5-AD28-1BC82C4B1AB5}.Release|iPhone.ActiveCfg = Release|Any CPU
		{B10ACBF3-EBF0-49B5-AD28-1BC82C4B1AB5}.Release|iPhone.Build.0 = Release|Any CPU
		{B10ACBF3-EBF0-49B5-AD28-1BC82C4B1AB5}.Release|iPhoneSimulator.ActiveCfg = Release|Any CPU
		{B10ACBF3-EBF0-49B5-AD28-1BC82C4B1AB5}.Release|iPhoneSimulator.Build.0 = Release|Any CPU
		{B10ACBF3-EBF0-49B5-AD28-1BC82C4B1AB5}.Release|x64.ActiveCfg = Release|Any CPU
		{B10ACBF3-EBF0-49B5-AD28-1BC82C4B1AB5}.Release|x64.Build.0 = Release|Any CPU
		{B10ACBF3-EBF0-49B5-AD28-1BC82C4B1AB5}.Release|x86.ActiveCfg = Release|Any CPU
		{B10ACBF3-EBF0-49B5-AD28-1BC82C4B1AB5}.Release|x86.Build.0 = Release|Any CPU
		{78149B91-5BA8-46AE-914B-AD089516D8A0}.Ad-Hoc|Any CPU.ActiveCfg = Release|Any CPU
		{78149B91-5BA8-46AE-914B-AD089516D8A0}.Ad-Hoc|Any CPU.Build.0 = Release|Any CPU
		{78149B91-5BA8-46AE-914B-AD089516D8A0}.Ad-Hoc|Any CPU.Deploy.0 = Release|Any CPU
		{78149B91-5BA8-46AE-914B-AD089516D8A0}.Ad-Hoc|ARM.ActiveCfg = Release|Any CPU
		{78149B91-5BA8-46AE-914B-AD089516D8A0}.Ad-Hoc|ARM.Build.0 = Release|Any CPU
		{78149B91-5BA8-46AE-914B-AD089516D8A0}.Ad-Hoc|ARM.Deploy.0 = Release|Any CPU
		{78149B91-5BA8-46AE-914B-AD089516D8A0}.Ad-Hoc|iPhone.ActiveCfg = Release|Any CPU
		{78149B91-5BA8-46AE-914B-AD089516D8A0}.Ad-Hoc|iPhone.Build.0 = Release|Any CPU
		{78149B91-5BA8-46AE-914B-AD089516D8A0}.Ad-Hoc|iPhone.Deploy.0 = Release|Any CPU
		{78149B91-5BA8-46AE-914B-AD089516D8A0}.Ad-Hoc|iPhoneSimulator.ActiveCfg = Release|Any CPU
		{78149B91-5BA8-46AE-914B-AD089516D8A0}.Ad-Hoc|iPhoneSimulator.Build.0 = Release|Any CPU
		{78149B91-5BA8-46AE-914B-AD089516D8A0}.Ad-Hoc|iPhoneSimulator.Deploy.0 = Release|Any CPU
		{78149B91-5BA8-46AE-914B-AD089516D8A0}.Ad-Hoc|x64.ActiveCfg = Debug|Any CPU
		{78149B91-5BA8-46AE-914B-AD089516D8A0}.Ad-Hoc|x64.Build.0 = Debug|Any CPU
		{78149B91-5BA8-46AE-914B-AD089516D8A0}.Ad-Hoc|x64.Deploy.0 = Debug|Any CPU
		{78149B91-5BA8-46AE-914B-AD089516D8A0}.Ad-Hoc|x86.ActiveCfg = Release|Any CPU
		{78149B91-5BA8-46AE-914B-AD089516D8A0}.Ad-Hoc|x86.Build.0 = Release|Any CPU
		{78149B91-5BA8-46AE-914B-AD089516D8A0}.Ad-Hoc|x86.Deploy.0 = Release|Any CPU
		{78149B91-5BA8-46AE-914B-AD089516D8A0}.AppStore|Any CPU.ActiveCfg = Release|Any CPU
		{78149B91-5BA8-46AE-914B-AD089516D8A0}.AppStore|Any CPU.Build.0 = Release|Any CPU
		{78149B91-5BA8-46AE-914B-AD089516D8A0}.AppStore|Any CPU.Deploy.0 = Release|Any CPU
		{78149B91-5BA8-46AE-914B-AD089516D8A0}.AppStore|ARM.ActiveCfg = Release|Any CPU
		{78149B91-5BA8-46AE-914B-AD089516D8A0}.AppStore|ARM.Build.0 = Release|Any CPU
		{78149B91-5BA8-46AE-914B-AD089516D8A0}.AppStore|ARM.Deploy.0 = Release|Any CPU
		{78149B91-5BA8-46AE-914B-AD089516D8A0}.AppStore|iPhone.ActiveCfg = Release|Any CPU
		{78149B91-5BA8-46AE-914B-AD089516D8A0}.AppStore|iPhone.Build.0 = Release|Any CPU
		{78149B91-5BA8-46AE-914B-AD089516D8A0}.AppStore|iPhone.Deploy.0 = Release|Any CPU
		{78149B91-5BA8-46AE-914B-AD089516D8A0}.AppStore|iPhoneSimulator.ActiveCfg = Release|Any CPU
		{78149B91-5BA8-46AE-914B-AD089516D8A0}.AppStore|iPhoneSimulator.Build.0 = Release|Any CPU
		{78149B91-5BA8-46AE-914B-AD089516D8A0}.AppStore|iPhoneSimulator.Deploy.0 = Release|Any CPU
		{78149B91-5BA8-46AE-914B-AD089516D8A0}.AppStore|x64.ActiveCfg = Debug|Any CPU
		{78149B91-5BA8-46AE-914B-AD089516D8A0}.AppStore|x64.Build.0 = Debug|Any CPU
		{78149B91-5BA8-46AE-914B-AD089516D8A0}.AppStore|x64.Deploy.0 = Debug|Any CPU
		{78149B91-5BA8-46AE-914B-AD089516D8A0}.AppStore|x86.ActiveCfg = Release|Any CPU
		{78149B91-5BA8-46AE-914B-AD089516D8A0}.AppStore|x86.Build.0 = Release|Any CPU
		{78149B91-5BA8-46AE-914B-AD089516D8A0}.AppStore|x86.Deploy.0 = Release|Any CPU
		{78149B91-5BA8-46AE-914B-AD089516D8A0}.Debug|Any CPU.ActiveCfg = Debug|Any CPU
		{78149B91-5BA8-46AE-914B-AD089516D8A0}.Debug|Any CPU.Build.0 = Debug|Any CPU
		{78149B91-5BA8-46AE-914B-AD089516D8A0}.Debug|Any CPU.Deploy.0 = Debug|Any CPU
		{78149B91-5BA8-46AE-914B-AD089516D8A0}.Debug|ARM.ActiveCfg = Debug|Any CPU
		{78149B91-5BA8-46AE-914B-AD089516D8A0}.Debug|ARM.Build.0 = Debug|Any CPU
		{78149B91-5BA8-46AE-914B-AD089516D8A0}.Debug|ARM.Deploy.0 = Debug|Any CPU
		{78149B91-5BA8-46AE-914B-AD089516D8A0}.Debug|iPhone.ActiveCfg = Debug|Any CPU
		{78149B91-5BA8-46AE-914B-AD089516D8A0}.Debug|iPhone.Build.0 = Debug|Any CPU
		{78149B91-5BA8-46AE-914B-AD089516D8A0}.Debug|iPhone.Deploy.0 = Debug|Any CPU
		{78149B91-5BA8-46AE-914B-AD089516D8A0}.Debug|iPhoneSimulator.ActiveCfg = Debug|Any CPU
		{78149B91-5BA8-46AE-914B-AD089516D8A0}.Debug|iPhoneSimulator.Build.0 = Debug|Any CPU
		{78149B91-5BA8-46AE-914B-AD089516D8A0}.Debug|iPhoneSimulator.Deploy.0 = Debug|Any CPU
		{78149B91-5BA8-46AE-914B-AD089516D8A0}.Debug|x64.ActiveCfg = Debug|Any CPU
		{78149B91-5BA8-46AE-914B-AD089516D8A0}.Debug|x64.Build.0 = Debug|Any CPU
		{78149B91-5BA8-46AE-914B-AD089516D8A0}.Debug|x64.Deploy.0 = Debug|Any CPU
		{78149B91-5BA8-46AE-914B-AD089516D8A0}.Debug|x86.ActiveCfg = Debug|Any CPU
		{78149B91-5BA8-46AE-914B-AD089516D8A0}.Debug|x86.Build.0 = Debug|Any CPU
		{78149B91-5BA8-46AE-914B-AD089516D8A0}.Debug|x86.Deploy.0 = Debug|Any CPU
		{78149B91-5BA8-46AE-914B-AD089516D8A0}.Release|Any CPU.ActiveCfg = Release|Any CPU
		{78149B91-5BA8-46AE-914B-AD089516D8A0}.Release|Any CPU.Build.0 = Release|Any CPU
		{78149B91-5BA8-46AE-914B-AD089516D8A0}.Release|Any CPU.Deploy.0 = Release|Any CPU
		{78149B91-5BA8-46AE-914B-AD089516D8A0}.Release|ARM.ActiveCfg = Release|Any CPU
		{78149B91-5BA8-46AE-914B-AD089516D8A0}.Release|ARM.Build.0 = Release|Any CPU
		{78149B91-5BA8-46AE-914B-AD089516D8A0}.Release|ARM.Deploy.0 = Release|Any CPU
		{78149B91-5BA8-46AE-914B-AD089516D8A0}.Release|iPhone.ActiveCfg = Release|Any CPU
		{78149B91-5BA8-46AE-914B-AD089516D8A0}.Release|iPhone.Build.0 = Release|Any CPU
		{78149B91-5BA8-46AE-914B-AD089516D8A0}.Release|iPhone.Deploy.0 = Release|Any CPU
		{78149B91-5BA8-46AE-914B-AD089516D8A0}.Release|iPhoneSimulator.ActiveCfg = Release|Any CPU
		{78149B91-5BA8-46AE-914B-AD089516D8A0}.Release|iPhoneSimulator.Build.0 = Release|Any CPU
		{78149B91-5BA8-46AE-914B-AD089516D8A0}.Release|iPhoneSimulator.Deploy.0 = Release|Any CPU
		{78149B91-5BA8-46AE-914B-AD089516D8A0}.Release|x64.ActiveCfg = Release|Any CPU
		{78149B91-5BA8-46AE-914B-AD089516D8A0}.Release|x64.Build.0 = Release|Any CPU
		{78149B91-5BA8-46AE-914B-AD089516D8A0}.Release|x64.Deploy.0 = Release|Any CPU
		{78149B91-5BA8-46AE-914B-AD089516D8A0}.Release|x86.ActiveCfg = Release|Any CPU
		{78149B91-5BA8-46AE-914B-AD089516D8A0}.Release|x86.Build.0 = Release|Any CPU
		{78149B91-5BA8-46AE-914B-AD089516D8A0}.Release|x86.Deploy.0 = Release|Any CPU
		{F79995D2-8BF3-4608-9ED6-ACAC776C1421}.Ad-Hoc|Any CPU.ActiveCfg = Release|iPhone
		{F79995D2-8BF3-4608-9ED6-ACAC776C1421}.Ad-Hoc|Any CPU.Build.0 = Release|iPhone
		{F79995D2-8BF3-4608-9ED6-ACAC776C1421}.Ad-Hoc|ARM.ActiveCfg = Ad-Hoc|iPhone
		{F79995D2-8BF3-4608-9ED6-ACAC776C1421}.Ad-Hoc|iPhone.ActiveCfg = Ad-Hoc|iPhone
		{F79995D2-8BF3-4608-9ED6-ACAC776C1421}.Ad-Hoc|iPhone.Build.0 = Ad-Hoc|iPhone
		{F79995D2-8BF3-4608-9ED6-ACAC776C1421}.Ad-Hoc|iPhoneSimulator.ActiveCfg = Ad-Hoc|iPhoneSimulator
		{F79995D2-8BF3-4608-9ED6-ACAC776C1421}.Ad-Hoc|iPhoneSimulator.Build.0 = Ad-Hoc|iPhoneSimulator
		{F79995D2-8BF3-4608-9ED6-ACAC776C1421}.Ad-Hoc|x64.ActiveCfg = Ad-Hoc|iPhoneSimulator
		{F79995D2-8BF3-4608-9ED6-ACAC776C1421}.Ad-Hoc|x86.ActiveCfg = Ad-Hoc|iPhone
		{F79995D2-8BF3-4608-9ED6-ACAC776C1421}.AppStore|Any CPU.ActiveCfg = AppStore|iPhone
		{F79995D2-8BF3-4608-9ED6-ACAC776C1421}.AppStore|ARM.ActiveCfg = AppStore|iPhone
		{F79995D2-8BF3-4608-9ED6-ACAC776C1421}.AppStore|iPhone.ActiveCfg = AppStore|iPhone
		{F79995D2-8BF3-4608-9ED6-ACAC776C1421}.AppStore|iPhone.Build.0 = AppStore|iPhone
		{F79995D2-8BF3-4608-9ED6-ACAC776C1421}.AppStore|iPhoneSimulator.ActiveCfg = AppStore|iPhoneSimulator
		{F79995D2-8BF3-4608-9ED6-ACAC776C1421}.AppStore|iPhoneSimulator.Build.0 = AppStore|iPhoneSimulator
		{F79995D2-8BF3-4608-9ED6-ACAC776C1421}.AppStore|x64.ActiveCfg = AppStore|iPhoneSimulator
		{F79995D2-8BF3-4608-9ED6-ACAC776C1421}.AppStore|x86.ActiveCfg = AppStore|iPhone
		{F79995D2-8BF3-4608-9ED6-ACAC776C1421}.Debug|Any CPU.ActiveCfg = Debug|iPhoneSimulator
		{F79995D2-8BF3-4608-9ED6-ACAC776C1421}.Debug|Any CPU.Build.0 = Debug|iPhoneSimulator
		{F79995D2-8BF3-4608-9ED6-ACAC776C1421}.Debug|ARM.ActiveCfg = Debug|iPhone
		{F79995D2-8BF3-4608-9ED6-ACAC776C1421}.Debug|iPhone.ActiveCfg = Debug|iPhone
		{F79995D2-8BF3-4608-9ED6-ACAC776C1421}.Debug|iPhone.Build.0 = Debug|iPhone
		{F79995D2-8BF3-4608-9ED6-ACAC776C1421}.Debug|iPhoneSimulator.ActiveCfg = Debug|iPhoneSimulator
		{F79995D2-8BF3-4608-9ED6-ACAC776C1421}.Debug|iPhoneSimulator.Build.0 = Debug|iPhoneSimulator
		{F79995D2-8BF3-4608-9ED6-ACAC776C1421}.Debug|iPhoneSimulator.Deploy.0 = Debug|iPhoneSimulator
		{F79995D2-8BF3-4608-9ED6-ACAC776C1421}.Debug|x64.ActiveCfg = Debug|iPhone
		{F79995D2-8BF3-4608-9ED6-ACAC776C1421}.Debug|x86.ActiveCfg = Debug|iPhone
		{F79995D2-8BF3-4608-9ED6-ACAC776C1421}.Release|Any CPU.ActiveCfg = Release|iPhone
		{F79995D2-8BF3-4608-9ED6-ACAC776C1421}.Release|Any CPU.Build.0 = Release|iPhone
		{F79995D2-8BF3-4608-9ED6-ACAC776C1421}.Release|ARM.ActiveCfg = Release|iPhone
		{F79995D2-8BF3-4608-9ED6-ACAC776C1421}.Release|iPhone.ActiveCfg = Release|iPhone
		{F79995D2-8BF3-4608-9ED6-ACAC776C1421}.Release|iPhone.Build.0 = Release|iPhone
		{F79995D2-8BF3-4608-9ED6-ACAC776C1421}.Release|iPhoneSimulator.ActiveCfg = Release|iPhoneSimulator
		{F79995D2-8BF3-4608-9ED6-ACAC776C1421}.Release|iPhoneSimulator.Build.0 = Release|iPhoneSimulator
		{F79995D2-8BF3-4608-9ED6-ACAC776C1421}.Release|x64.ActiveCfg = Release|iPhoneSimulator
		{F79995D2-8BF3-4608-9ED6-ACAC776C1421}.Release|x86.ActiveCfg = Release|iPhone
		{D30E70D9-3E6F-48CA-ACBD-1ED17F63FD5D}.Ad-Hoc|Any CPU.ActiveCfg = Release|x64
		{D30E70D9-3E6F-48CA-ACBD-1ED17F63FD5D}.Ad-Hoc|Any CPU.Build.0 = Release|x64
		{D30E70D9-3E6F-48CA-ACBD-1ED17F63FD5D}.Ad-Hoc|Any CPU.Deploy.0 = Release|x64
		{D30E70D9-3E6F-48CA-ACBD-1ED17F63FD5D}.Ad-Hoc|ARM.ActiveCfg = Release|ARM
		{D30E70D9-3E6F-48CA-ACBD-1ED17F63FD5D}.Ad-Hoc|ARM.Build.0 = Release|ARM
		{D30E70D9-3E6F-48CA-ACBD-1ED17F63FD5D}.Ad-Hoc|ARM.Deploy.0 = Release|ARM
		{D30E70D9-3E6F-48CA-ACBD-1ED17F63FD5D}.Ad-Hoc|iPhone.ActiveCfg = Release|x64
		{D30E70D9-3E6F-48CA-ACBD-1ED17F63FD5D}.Ad-Hoc|iPhone.Build.0 = Release|x64
		{D30E70D9-3E6F-48CA-ACBD-1ED17F63FD5D}.Ad-Hoc|iPhone.Deploy.0 = Release|x64
		{D30E70D9-3E6F-48CA-ACBD-1ED17F63FD5D}.Ad-Hoc|iPhoneSimulator.ActiveCfg = Release|x64
		{D30E70D9-3E6F-48CA-ACBD-1ED17F63FD5D}.Ad-Hoc|iPhoneSimulator.Build.0 = Release|x64
		{D30E70D9-3E6F-48CA-ACBD-1ED17F63FD5D}.Ad-Hoc|iPhoneSimulator.Deploy.0 = Release|x64
		{D30E70D9-3E6F-48CA-ACBD-1ED17F63FD5D}.Ad-Hoc|x64.ActiveCfg = Release|x64
		{D30E70D9-3E6F-48CA-ACBD-1ED17F63FD5D}.Ad-Hoc|x64.Build.0 = Release|x64
		{D30E70D9-3E6F-48CA-ACBD-1ED17F63FD5D}.Ad-Hoc|x64.Deploy.0 = Release|x64
		{D30E70D9-3E6F-48CA-ACBD-1ED17F63FD5D}.Ad-Hoc|x86.ActiveCfg = Release|x86
		{D30E70D9-3E6F-48CA-ACBD-1ED17F63FD5D}.Ad-Hoc|x86.Build.0 = Release|x86
		{D30E70D9-3E6F-48CA-ACBD-1ED17F63FD5D}.Ad-Hoc|x86.Deploy.0 = Release|x86
		{D30E70D9-3E6F-48CA-ACBD-1ED17F63FD5D}.AppStore|Any CPU.ActiveCfg = Release|x64
		{D30E70D9-3E6F-48CA-ACBD-1ED17F63FD5D}.AppStore|Any CPU.Build.0 = Release|x64
		{D30E70D9-3E6F-48CA-ACBD-1ED17F63FD5D}.AppStore|Any CPU.Deploy.0 = Release|x64
		{D30E70D9-3E6F-48CA-ACBD-1ED17F63FD5D}.AppStore|ARM.ActiveCfg = Release|ARM
		{D30E70D9-3E6F-48CA-ACBD-1ED17F63FD5D}.AppStore|ARM.Build.0 = Release|ARM
		{D30E70D9-3E6F-48CA-ACBD-1ED17F63FD5D}.AppStore|ARM.Deploy.0 = Release|ARM
		{D30E70D9-3E6F-48CA-ACBD-1ED17F63FD5D}.AppStore|iPhone.ActiveCfg = Release|x64
		{D30E70D9-3E6F-48CA-ACBD-1ED17F63FD5D}.AppStore|iPhone.Build.0 = Release|x64
		{D30E70D9-3E6F-48CA-ACBD-1ED17F63FD5D}.AppStore|iPhone.Deploy.0 = Release|x64
		{D30E70D9-3E6F-48CA-ACBD-1ED17F63FD5D}.AppStore|iPhoneSimulator.ActiveCfg = Release|x64
		{D30E70D9-3E6F-48CA-ACBD-1ED17F63FD5D}.AppStore|iPhoneSimulator.Build.0 = Release|x64
		{D30E70D9-3E6F-48CA-ACBD-1ED17F63FD5D}.AppStore|iPhoneSimulator.Deploy.0 = Release|x64
		{D30E70D9-3E6F-48CA-ACBD-1ED17F63FD5D}.AppStore|x64.ActiveCfg = Release|x64
		{D30E70D9-3E6F-48CA-ACBD-1ED17F63FD5D}.AppStore|x64.Build.0 = Release|x64
		{D30E70D9-3E6F-48CA-ACBD-1ED17F63FD5D}.AppStore|x64.Deploy.0 = Release|x64
		{D30E70D9-3E6F-48CA-ACBD-1ED17F63FD5D}.AppStore|x86.ActiveCfg = Release|x86
		{D30E70D9-3E6F-48CA-ACBD-1ED17F63FD5D}.AppStore|x86.Build.0 = Release|x86
		{D30E70D9-3E6F-48CA-ACBD-1ED17F63FD5D}.AppStore|x86.Deploy.0 = Release|x86
		{D30E70D9-3E6F-48CA-ACBD-1ED17F63FD5D}.Debug|Any CPU.ActiveCfg = Debug|x86
		{D30E70D9-3E6F-48CA-ACBD-1ED17F63FD5D}.Debug|Any CPU.Build.0 = Debug|x86
		{D30E70D9-3E6F-48CA-ACBD-1ED17F63FD5D}.Debug|Any CPU.Deploy.0 = Debug|x86
		{D30E70D9-3E6F-48CA-ACBD-1ED17F63FD5D}.Debug|ARM.ActiveCfg = Debug|ARM
		{D30E70D9-3E6F-48CA-ACBD-1ED17F63FD5D}.Debug|ARM.Build.0 = Debug|ARM
		{D30E70D9-3E6F-48CA-ACBD-1ED17F63FD5D}.Debug|ARM.Deploy.0 = Debug|ARM
		{D30E70D9-3E6F-48CA-ACBD-1ED17F63FD5D}.Debug|iPhone.ActiveCfg = Debug|x86
		{D30E70D9-3E6F-48CA-ACBD-1ED17F63FD5D}.Debug|iPhoneSimulator.ActiveCfg = Debug|x86
		{D30E70D9-3E6F-48CA-ACBD-1ED17F63FD5D}.Debug|x64.ActiveCfg = Debug|x64
		{D30E70D9-3E6F-48CA-ACBD-1ED17F63FD5D}.Debug|x64.Build.0 = Debug|x64
		{D30E70D9-3E6F-48CA-ACBD-1ED17F63FD5D}.Debug|x64.Deploy.0 = Debug|x64
		{D30E70D9-3E6F-48CA-ACBD-1ED17F63FD5D}.Debug|x86.ActiveCfg = Debug|x86
		{D30E70D9-3E6F-48CA-ACBD-1ED17F63FD5D}.Debug|x86.Build.0 = Debug|x86
		{D30E70D9-3E6F-48CA-ACBD-1ED17F63FD5D}.Debug|x86.Deploy.0 = Debug|x86
		{D30E70D9-3E6F-48CA-ACBD-1ED17F63FD5D}.Release|Any CPU.ActiveCfg = Release|x86
		{D30E70D9-3E6F-48CA-ACBD-1ED17F63FD5D}.Release|ARM.ActiveCfg = Release|ARM
		{D30E70D9-3E6F-48CA-ACBD-1ED17F63FD5D}.Release|ARM.Build.0 = Release|ARM
		{D30E70D9-3E6F-48CA-ACBD-1ED17F63FD5D}.Release|ARM.Deploy.0 = Release|ARM
		{D30E70D9-3E6F-48CA-ACBD-1ED17F63FD5D}.Release|iPhone.ActiveCfg = Release|x86
		{D30E70D9-3E6F-48CA-ACBD-1ED17F63FD5D}.Release|iPhoneSimulator.ActiveCfg = Release|x86
		{D30E70D9-3E6F-48CA-ACBD-1ED17F63FD5D}.Release|x64.ActiveCfg = Release|x64
		{D30E70D9-3E6F-48CA-ACBD-1ED17F63FD5D}.Release|x64.Build.0 = Release|x64
		{D30E70D9-3E6F-48CA-ACBD-1ED17F63FD5D}.Release|x64.Deploy.0 = Release|x64
		{D30E70D9-3E6F-48CA-ACBD-1ED17F63FD5D}.Release|x86.ActiveCfg = Release|x86
		{D30E70D9-3E6F-48CA-ACBD-1ED17F63FD5D}.Release|x86.Build.0 = Release|x86
		{D30E70D9-3E6F-48CA-ACBD-1ED17F63FD5D}.Release|x86.Deploy.0 = Release|x86
		{8DAB74E8-1E82-4AC9-833B-72A44BB5D4E4}.Ad-Hoc|Any CPU.ActiveCfg = Release|Any CPU
		{8DAB74E8-1E82-4AC9-833B-72A44BB5D4E4}.Ad-Hoc|Any CPU.Build.0 = Release|Any CPU
		{8DAB74E8-1E82-4AC9-833B-72A44BB5D4E4}.Ad-Hoc|ARM.ActiveCfg = Release|ARM
		{8DAB74E8-1E82-4AC9-833B-72A44BB5D4E4}.Ad-Hoc|ARM.Build.0 = Release|ARM
		{8DAB74E8-1E82-4AC9-833B-72A44BB5D4E4}.Ad-Hoc|iPhone.ActiveCfg = Release|Any CPU
		{8DAB74E8-1E82-4AC9-833B-72A44BB5D4E4}.Ad-Hoc|iPhone.Build.0 = Release|Any CPU
		{8DAB74E8-1E82-4AC9-833B-72A44BB5D4E4}.Ad-Hoc|iPhoneSimulator.ActiveCfg = Release|Any CPU
		{8DAB74E8-1E82-4AC9-833B-72A44BB5D4E4}.Ad-Hoc|iPhoneSimulator.Build.0 = Release|Any CPU
		{8DAB74E8-1E82-4AC9-833B-72A44BB5D4E4}.Ad-Hoc|x64.ActiveCfg = Release|x64
		{8DAB74E8-1E82-4AC9-833B-72A44BB5D4E4}.Ad-Hoc|x64.Build.0 = Release|x64
		{8DAB74E8-1E82-4AC9-833B-72A44BB5D4E4}.Ad-Hoc|x86.ActiveCfg = Release|x86
		{8DAB74E8-1E82-4AC9-833B-72A44BB5D4E4}.Ad-Hoc|x86.Build.0 = Release|x86
		{8DAB74E8-1E82-4AC9-833B-72A44BB5D4E4}.AppStore|Any CPU.ActiveCfg = Release|Any CPU
		{8DAB74E8-1E82-4AC9-833B-72A44BB5D4E4}.AppStore|Any CPU.Build.0 = Release|Any CPU
		{8DAB74E8-1E82-4AC9-833B-72A44BB5D4E4}.AppStore|ARM.ActiveCfg = Release|ARM
		{8DAB74E8-1E82-4AC9-833B-72A44BB5D4E4}.AppStore|ARM.Build.0 = Release|ARM
		{8DAB74E8-1E82-4AC9-833B-72A44BB5D4E4}.AppStore|iPhone.ActiveCfg = Release|Any CPU
		{8DAB74E8-1E82-4AC9-833B-72A44BB5D4E4}.AppStore|iPhone.Build.0 = Release|Any CPU
		{8DAB74E8-1E82-4AC9-833B-72A44BB5D4E4}.AppStore|iPhoneSimulator.ActiveCfg = Release|Any CPU
		{8DAB74E8-1E82-4AC9-833B-72A44BB5D4E4}.AppStore|iPhoneSimulator.Build.0 = Release|Any CPU
		{8DAB74E8-1E82-4AC9-833B-72A44BB5D4E4}.AppStore|x64.ActiveCfg = Release|x64
		{8DAB74E8-1E82-4AC9-833B-72A44BB5D4E4}.AppStore|x64.Build.0 = Release|x64
		{8DAB74E8-1E82-4AC9-833B-72A44BB5D4E4}.AppStore|x86.ActiveCfg = Release|x86
		{8DAB74E8-1E82-4AC9-833B-72A44BB5D4E4}.AppStore|x86.Build.0 = Release|x86
		{8DAB74E8-1E82-4AC9-833B-72A44BB5D4E4}.Debug|Any CPU.ActiveCfg = Debug|Any CPU
		{8DAB74E8-1E82-4AC9-833B-72A44BB5D4E4}.Debug|Any CPU.Build.0 = Debug|Any CPU
		{8DAB74E8-1E82-4AC9-833B-72A44BB5D4E4}.Debug|ARM.ActiveCfg = Debug|ARM
		{8DAB74E8-1E82-4AC9-833B-72A44BB5D4E4}.Debug|ARM.Build.0 = Debug|ARM
		{8DAB74E8-1E82-4AC9-833B-72A44BB5D4E4}.Debug|iPhone.ActiveCfg = Debug|Any CPU
		{8DAB74E8-1E82-4AC9-833B-72A44BB5D4E4}.Debug|iPhone.Build.0 = Debug|Any CPU
		{8DAB74E8-1E82-4AC9-833B-72A44BB5D4E4}.Debug|iPhoneSimulator.ActiveCfg = Debug|Any CPU
		{8DAB74E8-1E82-4AC9-833B-72A44BB5D4E4}.Debug|iPhoneSimulator.Build.0 = Debug|Any CPU
		{8DAB74E8-1E82-4AC9-833B-72A44BB5D4E4}.Debug|x64.ActiveCfg = Debug|x64
		{8DAB74E8-1E82-4AC9-833B-72A44BB5D4E4}.Debug|x64.Build.0 = Debug|x64
		{8DAB74E8-1E82-4AC9-833B-72A44BB5D4E4}.Debug|x86.ActiveCfg = Debug|x86
		{8DAB74E8-1E82-4AC9-833B-72A44BB5D4E4}.Debug|x86.Build.0 = Debug|x86
		{8DAB74E8-1E82-4AC9-833B-72A44BB5D4E4}.Release|Any CPU.ActiveCfg = Release|Any CPU
		{8DAB74E8-1E82-4AC9-833B-72A44BB5D4E4}.Release|Any CPU.Build.0 = Release|Any CPU
		{8DAB74E8-1E82-4AC9-833B-72A44BB5D4E4}.Release|ARM.ActiveCfg = Release|ARM
		{8DAB74E8-1E82-4AC9-833B-72A44BB5D4E4}.Release|ARM.Build.0 = Release|ARM
		{8DAB74E8-1E82-4AC9-833B-72A44BB5D4E4}.Release|iPhone.ActiveCfg = Release|Any CPU
		{8DAB74E8-1E82-4AC9-833B-72A44BB5D4E4}.Release|iPhone.Build.0 = Release|Any CPU
		{8DAB74E8-1E82-4AC9-833B-72A44BB5D4E4}.Release|iPhoneSimulator.ActiveCfg = Release|Any CPU
		{8DAB74E8-1E82-4AC9-833B-72A44BB5D4E4}.Release|iPhoneSimulator.Build.0 = Release|Any CPU
		{8DAB74E8-1E82-4AC9-833B-72A44BB5D4E4}.Release|x64.ActiveCfg = Release|x64
		{8DAB74E8-1E82-4AC9-833B-72A44BB5D4E4}.Release|x64.Build.0 = Release|x64
		{8DAB74E8-1E82-4AC9-833B-72A44BB5D4E4}.Release|x86.ActiveCfg = Release|x86
		{8DAB74E8-1E82-4AC9-833B-72A44BB5D4E4}.Release|x86.Build.0 = Release|x86
		{B281093E-5798-4783-96DC-5365327C2B9C}.Ad-Hoc|Any CPU.ActiveCfg = Release|Any CPU
		{B281093E-5798-4783-96DC-5365327C2B9C}.Ad-Hoc|Any CPU.Build.0 = Release|Any CPU
		{B281093E-5798-4783-96DC-5365327C2B9C}.Ad-Hoc|ARM.ActiveCfg = Release|Any CPU
		{B281093E-5798-4783-96DC-5365327C2B9C}.Ad-Hoc|ARM.Build.0 = Release|Any CPU
		{B281093E-5798-4783-96DC-5365327C2B9C}.Ad-Hoc|iPhone.ActiveCfg = Release|Any CPU
		{B281093E-5798-4783-96DC-5365327C2B9C}.Ad-Hoc|iPhone.Build.0 = Release|Any CPU
		{B281093E-5798-4783-96DC-5365327C2B9C}.Ad-Hoc|iPhoneSimulator.ActiveCfg = Release|Any CPU
		{B281093E-5798-4783-96DC-5365327C2B9C}.Ad-Hoc|iPhoneSimulator.Build.0 = Release|Any CPU
		{B281093E-5798-4783-96DC-5365327C2B9C}.Ad-Hoc|x64.ActiveCfg = Release|Any CPU
		{B281093E-5798-4783-96DC-5365327C2B9C}.Ad-Hoc|x64.Build.0 = Release|Any CPU
		{B281093E-5798-4783-96DC-5365327C2B9C}.Ad-Hoc|x86.ActiveCfg = Release|Any CPU
		{B281093E-5798-4783-96DC-5365327C2B9C}.Ad-Hoc|x86.Build.0 = Release|Any CPU
		{B281093E-5798-4783-96DC-5365327C2B9C}.AppStore|Any CPU.ActiveCfg = Release|Any CPU
		{B281093E-5798-4783-96DC-5365327C2B9C}.AppStore|Any CPU.Build.0 = Release|Any CPU
		{B281093E-5798-4783-96DC-5365327C2B9C}.AppStore|ARM.ActiveCfg = Release|Any CPU
		{B281093E-5798-4783-96DC-5365327C2B9C}.AppStore|ARM.Build.0 = Release|Any CPU
		{B281093E-5798-4783-96DC-5365327C2B9C}.AppStore|iPhone.ActiveCfg = Release|Any CPU
		{B281093E-5798-4783-96DC-5365327C2B9C}.AppStore|iPhone.Build.0 = Release|Any CPU
		{B281093E-5798-4783-96DC-5365327C2B9C}.AppStore|iPhoneSimulator.ActiveCfg = Release|Any CPU
		{B281093E-5798-4783-96DC-5365327C2B9C}.AppStore|iPhoneSimulator.Build.0 = Release|Any CPU
		{B281093E-5798-4783-96DC-5365327C2B9C}.AppStore|x64.ActiveCfg = Release|Any CPU
		{B281093E-5798-4783-96DC-5365327C2B9C}.AppStore|x64.Build.0 = Release|Any CPU
		{B281093E-5798-4783-96DC-5365327C2B9C}.AppStore|x86.ActiveCfg = Release|Any CPU
		{B281093E-5798-4783-96DC-5365327C2B9C}.AppStore|x86.Build.0 = Release|Any CPU
		{B281093E-5798-4783-96DC-5365327C2B9C}.Debug|Any CPU.ActiveCfg = Debug|Any CPU
		{B281093E-5798-4783-96DC-5365327C2B9C}.Debug|Any CPU.Build.0 = Debug|Any CPU
		{B281093E-5798-4783-96DC-5365327C2B9C}.Debug|ARM.ActiveCfg = Debug|Any CPU
		{B281093E-5798-4783-96DC-5365327C2B9C}.Debug|ARM.Build.0 = Debug|Any CPU
		{B281093E-5798-4783-96DC-5365327C2B9C}.Debug|iPhone.ActiveCfg = Debug|Any CPU
		{B281093E-5798-4783-96DC-5365327C2B9C}.Debug|iPhone.Build.0 = Debug|Any CPU
		{B281093E-5798-4783-96DC-5365327C2B9C}.Debug|iPhoneSimulator.ActiveCfg = Debug|Any CPU
		{B281093E-5798-4783-96DC-5365327C2B9C}.Debug|iPhoneSimulator.Build.0 = Debug|Any CPU
		{B281093E-5798-4783-96DC-5365327C2B9C}.Debug|x64.ActiveCfg = Debug|Any CPU
		{B281093E-5798-4783-96DC-5365327C2B9C}.Debug|x64.Build.0 = Debug|Any CPU
		{B281093E-5798-4783-96DC-5365327C2B9C}.Debug|x86.ActiveCfg = Debug|Any CPU
		{B281093E-5798-4783-96DC-5365327C2B9C}.Debug|x86.Build.0 = Debug|Any CPU
		{B281093E-5798-4783-96DC-5365327C2B9C}.Release|Any CPU.ActiveCfg = Release|Any CPU
		{B281093E-5798-4783-96DC-5365327C2B9C}.Release|Any CPU.Build.0 = Release|Any CPU
		{B281093E-5798-4783-96DC-5365327C2B9C}.Release|ARM.ActiveCfg = Release|Any CPU
		{B281093E-5798-4783-96DC-5365327C2B9C}.Release|ARM.Build.0 = Release|Any CPU
		{B281093E-5798-4783-96DC-5365327C2B9C}.Release|iPhone.ActiveCfg = Release|Any CPU
		{B281093E-5798-4783-96DC-5365327C2B9C}.Release|iPhone.Build.0 = Release|Any CPU
		{B281093E-5798-4783-96DC-5365327C2B9C}.Release|iPhoneSimulator.ActiveCfg = Release|Any CPU
		{B281093E-5798-4783-96DC-5365327C2B9C}.Release|iPhoneSimulator.Build.0 = Release|Any CPU
		{B281093E-5798-4783-96DC-5365327C2B9C}.Release|x64.ActiveCfg = Release|Any CPU
		{B281093E-5798-4783-96DC-5365327C2B9C}.Release|x64.Build.0 = Release|Any CPU
		{B281093E-5798-4783-96DC-5365327C2B9C}.Release|x86.ActiveCfg = Release|Any CPU
		{B281093E-5798-4783-96DC-5365327C2B9C}.Release|x86.Build.0 = Release|Any CPU
	EndGlobalSection
	GlobalSection(SolutionProperties) = preSolution
		HideSolutionNode = FALSE
	EndGlobalSection
	GlobalSection(NestedProjects) = preSolution
		{78149B91-5BA8-46AE-914B-AD089516D8A0} = {09CC7991-DD0E-4595-AEC2-3BEA2C69F68C}
		{F79995D2-8BF3-4608-9ED6-ACAC776C1421} = {09CC7991-DD0E-4595-AEC2-3BEA2C69F68C}
		{8B8644ED-96AB-4E25-9879-E5A0689EAC58} = {09CC7991-DD0E-4595-AEC2-3BEA2C69F68C}
		{5B181E1E-9713-46AE-8F05-10C3DD66A1B0} = {09CC7991-DD0E-4595-AEC2-3BEA2C69F68C}
		{D30E70D9-3E6F-48CA-ACBD-1ED17F63FD5D} = {33D5CF9D-57FB-4874-BD8F-D014BCDC79A4}
		{8DAB74E8-1E82-4AC9-833B-72A44BB5D4E4} = {33D5CF9D-57FB-4874-BD8F-D014BCDC79A4}
		{B281093E-5798-4783-96DC-5365327C2B9C} = {33D5CF9D-57FB-4874-BD8F-D014BCDC79A4}
	EndGlobalSection
	GlobalSection(TeamFoundationVersionControl) = preSolution
		SccNumberOfProjects = 7
		SccEnterpriseProvider = {4CA58AB2-18FA-4F8D-95D4-32DDF27D184C}
		SccTeamFoundationServer = https://hieunn.visualstudio.com/defaultcollection
		SccLocalPath0 = .
		SccProjectUniqueName1 = HealthCare.Core\\HealthCare.Core.csproj
		SccProjectName1 = HealthCare.Core
		SccLocalPath1 = HealthCare.Core
		SccProjectUniqueName2 = HealthCare.Touch\\HealthCare.Touch.csproj
		SccProjectTopLevelParentUniqueName2 = HealthCare.sln
		SccProjectName2 = HealthCare.Touch
		SccLocalPath2 = HealthCare.Touch
		SccProjectUniqueName3 = HealthCare.Droid\\HealthCare.Droid.csproj
		SccProjectTopLevelParentUniqueName3 = HealthCare.sln
		SccProjectName3 = HealthCare.Droid
		SccLocalPath3 = HealthCare.Droid
		SccProjectUniqueName4 = Phase\u00202\\HealthCare.Win\\HealthCare.Win.csproj
		SccProjectTopLevelParentUniqueName4 = HealthCare.sln
		SccProjectName4 = Phase\u00202/HealthCare.Win
		SccLocalPath4 = Phase\u00202\\HealthCare.Win
		SccProjectUniqueName5 = Phase\u00202\\HealthCare.Win.Service\\HealthCare.Win.VoiceCommands.csproj
		SccProjectTopLevelParentUniqueName5 = HealthCare.sln
		SccProjectName5 = Phase\u00202/HealthCare.Win.Service
		SccLocalPath5 = Phase\u00202\\HealthCare.Win.Service
		SccProjectUniqueName6 = Phase\u00202\\HealthCare.Core\\HealthCare.Win.Core.csproj
		SccProjectTopLevelParentUniqueName6 = HealthCare.sln
		SccProjectName6 = Phase\u00202/HealthCare.Core
		SccLocalPath6 = Phase\u00202\\HealthCare.Core
	EndGlobalSection
	GlobalSection(MonoDevelopProperties) = preSolution
		Policies = $0
		$0.StandardHeader = $1
		$1.Text = 
		$1.IncludeInNewFiles = True
	EndGlobalSection
EndGlobal
